
Microsoft Visual Studio Solution File, Format Version 12.00
# Visual Studio Version 17
VisualStudioVersion = 17.9.34728.123
MinimumVisualStudioVersion = 10.0.40219.1
Project("{FAE04EC0-301F-11D3-BF4B-00C04F79EFBC}") = "NewZWalkAPI", "NewZWalkAPI\NewZWalkAPI.csproj", "{F449B2CC-49C8-4D32-80D3-38AD82808110}"
EndProject
Global
	GlobalSection(SolutionConfigurationPlatforms) = preSolution
		Debug|Any CPU = Debug|Any CPU
		Release|Any CPU = Release|Any CPU
	EndGlobalSection
	GlobalSection(ProjectConfigurationPlatforms) = postSolution
		{F449B2CC-49C8-4D32-80D3-38AD82808110}.Debug|Any CPU.ActiveCfg = Debug|Any CPU
		{F449B2CC-49C8-4D32-80D3-38AD82808110}.Debug|Any CPU.Build.0 = Debug|Any CPU
		{F449B2CC-49C8-4D32-80D3-38AD82808110}.Release|Any CPU.ActiveCfg = Release|Any CPU
		{F449B2CC-49C8-4D32-80D3-38AD82808110}.Release|Any CPU.Build.0 = Release|Any CPU
	EndGlobalSection
	GlobalSection(SolutionProperties) = preSolution
		HideSolutionNode = FALSE
	EndGlobalSection
	GlobalSection(ExtensibilityGlobals) = postSolution
		SolutionGuid = {59064740-3BAA-4BDF-BDAC-BF98715669AB}
	EndGlobalSection
EndGlobal
